
Microsoft Visual Studio Solution File, Format Version 12.00
# Visual Studio Version 17
VisualStudioVersion = 17.6.33801.468
MinimumVisualStudioVersion = 10.0.40219.1
Project("{FAE04EC0-301F-11D3-BF4B-00C04F79EFBC}") = "FINALPROJ", "FINALPROJ\FINALPROJ.csproj", "{FECE638A-560C-49B4-8E98-C866EADF188F}"
EndProject
Global
	GlobalSection(SolutionConfigurationPlatforms) = preSolution
		Debug|Any CPU = Debug|Any CPU
		Release|Any CPU = Release|Any CPU
	EndGlobalSection
	GlobalSection(ProjectConfigurationPlatforms) = postSolution
		{FECE638A-560C-49B4-8E98-C866EADF188F}.Debug|Any CPU.ActiveCfg = Debug|Any CPU
		{FECE638A-560C-49B4-8E98-C866EADF188F}.Debug|Any CPU.Build.0 = Debug|Any CPU
		{FECE638A-560C-49B4-8E98-C866EADF188F}.Release|Any CPU.ActiveCfg = Release|Any CPU
		{FECE638A-560C-49B4-8E98-C866EADF188F}.Release|Any CPU.Build.0 = Release|Any CPU
	EndGlobalSection
	GlobalSection(SolutionProperties) = preSolution
		HideSolutionNode = FALSE
	EndGlobalSection
	GlobalSection(ExtensibilityGlobals) = postSolution
		SolutionGuid = {BDD67AFC-1D74-4F4A-A17A-65DC96D4EDF6}
	EndGlobalSection
EndGlobal
